Microsoft Visual Studio Solution File, Format Version 12.00
# Visual Studio Version 17
VisualStudioVersion = 17.5.2.0
MinimumVisualStudioVersion = 10.0.40219.1
Project("{FAE04EC0-301F-11D3-BF4B-00C04F79EFBC}") = "001-Person", "001-Person\001-Person.csproj", "{D5FAF071-34BA-2737-BFDA-00E4A59F801E}"
EndProject
Global
	GlobalSection(SolutionConfigurationPlatforms) = preSolution
		Debug|Any CPU = Debug|Any CPU
		Release|Any CPU = Release|Any CPU
	EndGlobalSection
	GlobalSection(ProjectConfigurationPlatforms) = postSolution
		{D5FAF071-34BA-2737-BFDA-00E4A59F801E}.Debug|Any CPU.ActiveCfg = Debug|Any CPU
		{D5FAF071-34BA-2737-BFDA-00E4A59F801E}.Debug|Any CPU.Build.0 = Debug|Any CPU
		{D5FAF071-34BA-2737-BFDA-00E4A59F801E}.Release|Any CPU.ActiveCfg = Release|Any CPU
		{D5FAF071-34BA-2737-BFDA-00E4A59F801E}.Release|Any CPU.Build.0 = Release|Any CPU
	EndGlobalSection
	GlobalSection(SolutionProperties) = preSolution
		HideSolutionNode = FALSE
	EndGlobalSection
	GlobalSection(ExtensibilityGlobals) = postSolution
		SolutionGuid = {CFE68631-4BA1-4184-B1FF-59C8203DF196}
	EndGlobalSection
EndGlobal
